PODS:
  - ComScore (6.9.0):
    - ComScore/Dynamic (= 6.9.0)
  - ComScore/Dynamic (6.9.0)

DEPENDENCIES:
  - ComScore (from `../`)

EXTERNAL SOURCES:
  ComScore:
    :path: "../"

SPEC CHECKSUMS:
  ComScore: 4fcff6ce4e4bc2df3592d15dc69be8fcc8aaadad

PODFILE CHECKSUM: 93ea38f71dd4eca87dd40cb82e98aa5568697bd5

COCOAPODS: 1.10.1
