PODS:
  - ComScore (5.8.7):
    - ComScore/Dynamic (= 5.8.7)
  - ComScore/Dynamic (5.8.7)
  - ComScore/Static (5.8.7)

DEPENDENCIES:
  - ComScore (from `../`)
  - ComScore/Static (from `../`)

EXTERNAL SOURCES:
  ComScore:
    :path: "../"

SPEC CHECKSUMS:
  ComScore: 4d377376e44c77de1e435a32fdf38d2507d6906c

PODFILE CHECKSUM: 9d75161217b8a879d4f19bb2268b6bee76223f7c

COCOAPODS: 1.6.1
