PODS:
  - ComScore (6.7.1):
    - ComScore/Dynamic (= 6.7.1)
  - ComScore/Dynamic (6.7.1)

DEPENDENCIES:
  - ComScore (from `../`)

EXTERNAL SOURCES:
  ComScore:
    :path: "../"

SPEC CHECKSUMS:
  ComScore: 1afc45bc9ad8831575f91bd0ad4212b16ad49091

PODFILE CHECKSUM: 93ea38f71dd4eca87dd40cb82e98aa5568697bd5

COCOAPODS: 1.10.1
